// !$*UTF8*$!
{
	archiveVersion = 1;
	classes = {
	};
	objectVersion = 50;
	objects = {

/* Begin PBXBuildFile section */
		BF45762524A9C5C700AE1F9C /* Grid.swift in Sources */ = {isa = PBXBuildFile; fileRef = BF45762424A9C5C700AE1F9C /* Grid.swift */; };
		BF45762724A9CD8D00AE1F9C /* GridLayout.swift in Sources */ = {isa = PBXBuildFile; fileRef = BF45762624A9CD8D00AE1F9C /* GridLayout.swift */; };
		BF45762924AD81ED00AE1F9C /* Array+Identifiable.swift in Sources */ = {isa = PBXBuildFile; fileRef = BF45762824AD81ED00AE1F9C /* Array+Identifiable.swift */; };
		BF45762B24AD9CC400AE1F9C /* Array+Only.swift in Sources */ = {isa = PBXBuildFile; fileRef = BF45762A24AD9CC400AE1F9C /* Array+Only.swift */; };
		BFBEC695249DA18600A0444E /* AppDelegate.swift in Sources */ = {isa = PBXBuildFile; fileRef = BFBEC694249DA18600A0444E /* AppDelegate.swift */; };
		BFBEC697249DA18600A0444E /* SceneDelegate.swift in Sources */ = {isa = PBXBuildFile; fileRef = BFBEC696249DA18600A0444E /* SceneDelegate.swift */; };
		BFBEC699249DA18600A0444E /* EmojiMemoryGameView.swift in Sources */ = {isa = PBXBuildFile; fileRef = BFBEC698249DA18600A0444E /* EmojiMemoryGameView.swift */; };
		BFBEC69B249DA18700A0444E /* Assets.xcassets in Resources */ = {isa = PBXBuildFile; fileRef = BFBEC69A249DA18700A0444E /* Assets.xcassets */; };
		BFBEC69E249DA18700A0444E /* Preview Assets.xcassets in Resources */ = {isa = PBXBuildFile; fileRef = BFBEC69D249DA18700A0444E /* Preview Assets.xcassets */; };
		BFBEC6A1249DA18700A0444E /* LaunchScreen.storyboard in Resources */ = {isa = PBXBuildFile; fileRef = BFBEC69F249DA18700A0444E /* LaunchScreen.storyboard */; };
		BFBEC6A9249DE84F00A0444E /* MemoryGame.swift in Sources */ = {isa = PBXBuildFile; fileRef = BFBEC6A8249DE84F00A0444E /* MemoryGame.swift */; };
		BFBEC6AB249DEA2900A0444E /* EmojiMemoryGame.swift in Sources */ = {isa = PBXBuildFile; fileRef = BFBEC6AA249DEA2900A0444E /* EmojiMemoryGame.swift */; };
/* End PBXBuildFile section */

/* Begin PBXFileReference section */
		BF45762424A9C5C700AE1F9C /* Grid.swift */ = {isa = PBXFileReference; lastKnownFileType = sourcecode.swift; path = Grid.swift; sourceTree = "<group>"; };
		BF45762624A9CD8D00AE1F9C /* GridLayout.swift */ = {isa = PBXFileReference; fileEncoding = 4; lastKnownFileType = sourcecode.swift; path = GridLayout.swift; sourceTree = "<group>"; };
		BF45762824AD81ED00AE1F9C /* Array+Identifiable.swift */ = {isa = PBXFileReference; lastKnownFileType = sourcecode.swift; path = "Array+Identifiable.swift"; sourceTree = "<group>"; };
		BF45762A24AD9CC400AE1F9C /* Array+Only.swift */ = {isa = PBXFileReference; lastKnownFileType = sourcecode.swift; path = "Array+Only.swift"; sourceTree = "<group>"; };
		BFBEC691249DA18600A0444E /* Memorize.app */ = {isa = PBXFileReference; explicitFileType = wrapper.application; includeInIndex = 0; path = Memorize.app; sourceTree = BUILT_PRODUCTS_DIR; };
		BFBEC694249DA18600A0444E /* AppDelegate.swift */ = {isa = PBXFileReference; lastKnownFileType = sourcecode.swift; path = AppDelegate.swift; sourceTree = "<group>"; };
		BFBEC696249DA18600A0444E /* SceneDelegate.swift */ = {isa = PBXFileReference; lastKnownFileType = sourcecode.swift; path = SceneDelegate.swift; sourceTree = "<group>"; };
		BFBEC698249DA18600A0444E /* EmojiMemoryGameView.swift */ = {isa = PBXFileReference; lastKnownFileType = sourcecode.swift; path = EmojiMemoryGameView.swift; sourceTree = "<group>"; };
		BFBEC69A249DA18700A0444E /* Assets.xcassets */ = {isa = PBXFileReference; lastKnownFileType = folder.assetcatalog; path = Assets.xcassets; sourceTree = "<group>"; };
		BFBEC69D249DA18700A0444E /* Preview Assets.xcassets */ = {isa = PBXFileReference; lastKnownFileType = folder.assetcatalog; path = "Preview Assets.xcassets"; sourceTree = "<group>"; };
		BFBEC6A0249DA18700A0444E /* Base */ = {isa = PBXFileReference; lastKnownFileType = file.storyboard; name = Base; path = Base.lproj/LaunchScreen.storyboard; sourceTree = "<group>"; };
		BFBEC6A2249DA18700A0444E /* Info.plist */ = {isa = PBXFileReference; lastKnownFileType = text.plist.xml; path = Info.plist; sourceTree = "<group>"; };
		BFBEC6A8249DE84F00A0444E /* MemoryGame.swift */ = {isa = PBXFileReference; lastKnownFileType = sourcecode.swift; path = MemoryGame.swift; sourceTree = SOURCE_ROOT; };
		BFBEC6AA249DEA2900A0444E /* EmojiMemoryGame.swift */ = {isa = PBXFileReference; lastKnownFileType = sourcecode.swift; path = EmojiMemoryGame.swift; sourceTree = "<group>"; };
/* End PBXFileReference section */

/* Begin PBXFrameworksBuildPhase section */
		BFBEC68E249DA18600A0444E /* Frameworks */ = {
			isa = PBXFrameworksBuildPhase;
			buildActionMask = 2147483647;
			files = (
			);
			runOnlyForDeploymentPostprocessing = 0;
		};
/* End PBXFrameworksBuildPhase section */

/* Begin PBXGroup section */
		BFBEC688249DA18500A0444E = {
			isa = PBXGroup;
			children = (
				BFBEC693249DA18600A0444E /* Memorize */,
				BFBEC692249DA18600A0444E /* Products */,
			);
			sourceTree = "<group>";
		};
		BFBEC692249DA18600A0444E /* Products */ = {
			isa = PBXGroup;
			children = (
				BFBEC691249DA18600A0444E /* Memorize.app */,
			);
			name = Products;
			sourceTree = "<group>";
		};
		BFBEC693249DA18600A0444E /* Memorize */ = {
			isa = PBXGroup;
			children = (
				BFBEC694249DA18600A0444E /* AppDelegate.swift */,
				BFBEC696249DA18600A0444E /* SceneDelegate.swift */,
				BFBEC698249DA18600A0444E /* EmojiMemoryGameView.swift */,
				BFBEC6AA249DEA2900A0444E /* EmojiMemoryGame.swift */,
				BFBEC6A8249DE84F00A0444E /* MemoryGame.swift */,
				BF45762424A9C5C700AE1F9C /* Grid.swift */,
				BF45762624A9CD8D00AE1F9C /* GridLayout.swift */,
				BF45762824AD81ED00AE1F9C /* Array+Identifiable.swift */,
				BF45762A24AD9CC400AE1F9C /* Array+Only.swift */,
				BFBEC69A249DA18700A0444E /* Assets.xcassets */,
				BFBEC69F249DA18700A0444E /* LaunchScreen.storyboard */,
				BFBEC6A2249DA18700A0444E /* Info.plist */,
				BFBEC69C249DA18700A0444E /* Preview Content */,
			);
			path = Memorize;
			sourceTree = "<group>";
		};
		BFBEC69C249DA18700A0444E /* Preview Content */ = {
			isa = PBXGroup;
			children = (
				BFBEC69D249DA18700A0444E /* Preview Assets.xcassets */,
			);
			path = "Preview Content";
			sourceTree = "<group>";
		};
/* End PBXGroup section */

/* Begin PBXNativeTarget section */
		BFBEC690249DA18600A0444E /* Memorize */ = {
			isa = PBXNativeTarget;
			buildConfigurationList = BFBEC6A5249DA18700A0444E /* Build configuration list for PBXNativeTarget "Memorize" */;
			buildPhases = (
				BFBEC68D249DA18600A0444E /* Sources */,
				BFBEC68E249DA18600A0444E /* Frameworks */,
				BFBEC68F249DA18600A0444E /* Resources */,
			);
			buildRules = (
			);
			dependencies = (
			);
			name = Memorize;
			productName = Memorize;
			productReference = BFBEC691249DA18600A0444E /* Memorize.app */;
			productType = "com.apple.product-type.application";
		};
/* End PBXNativeTarget section */

/* Begin PBXProject section */
		BFBEC689249DA18500A0444E /* Project object */ = {
			isa = PBXProject;
			attributes = {
				LastSwiftUpdateCheck = 1130;
				LastUpgradeCheck = 1130;
				ORGANIZATIONNAME = datalab;
				TargetAttributes = {
					BFBEC690249DA18600A0444E = {
						CreatedOnToolsVersion = 11.3;
					};
				};
			};
			buildConfigurationList = BFBEC68C249DA18500A0444E /* Build configuration list for PBXProject "Memorize" */;
			compatibilityVersion = "Xcode 9.3";
			developmentRegion = en;
			hasScannedForEncodings = 0;
			knownRegions = (
				en,
				Base,
			);
			mainGroup = BFBEC688249DA18500A0444E;
			productRefGroup = BFBEC692249DA18600A0444E /* Products */;
			projectDirPath = "";
			projectRoot = "";
			targets = (
				BFBEC690249DA18600A0444E /* Memorize */,
			);
		};
/* End PBXProject section */

/* Begin PBXResourcesBuildPhase section */
		BFBEC68F249DA18600A0444E /* Resources */ = {
			isa = PBXResourcesBuildPhase;
			buildActionMask = 2147483647;
			files = (
				BFBEC6A1249DA18700A0444E /* LaunchScreen.storyboard in Resources */,
				BFBEC69E249DA18700A0444E /* Preview Assets.xcassets in Resources */,
				BFBEC69B249DA18700A0444E /* Assets.xcassets in Resources */,
			);
			runOnlyForDeploymentPostprocessing = 0;
		};
/* End PBXResourcesBuildPhase section */

/* Begin PBXSourcesBuildPhase section */
		BFBEC68D249DA18600A0444E /* Sources */ = {
			isa = PBXSourcesBuildPhase;
			buildActionMask = 2147483647;
			files = (
				BFBEC695249DA18600A0444E /* AppDelegate.swift in Sources */,
				BFBEC697249DA18600A0444E /* SceneDelegate.swift in Sources */,
				BFBEC6A9249DE84F00A0444E /* MemoryGame.swift in Sources */,
				BF45762B24AD9CC400AE1F9C /* Array+Only.swift in Sources */,
				BFBEC699249DA18600A0444E /* EmojiMemoryGameView.swift in Sources */,
				BFBEC6AB249DEA2900A0444E /* EmojiMemoryGame.swift in Sources */,
				BF45762924AD81ED00AE1F9C /* Array+Identifiable.swift in Sources */,
				BF45762724A9CD8D00AE1F9C /* GridLayout.swift in Sources */,
				BF45762524A9C5C700AE1F9C /* Grid.swift in Sources */,
			);
			runOnlyForDeploymentPostprocessing = 0;
		};
/* End PBXSourcesBuildPhase section */

/* Begin PBXVariantGroup section */
		BFBEC69F249DA18700A0444E /* LaunchScreen.storyboard */ = {
			isa = PBXVariantGroup;
			children = (
				BFBEC6A0249DA18700A0444E /* Base */,
			);
			name = LaunchScreen.storyboard;
			sourceTree = "<group>";
		};
/* End PBXVariantGroup section */

/* Begin XCBuildConfiguration section */
		BFBEC6A3249DA18700A0444E /* Debug */ = {
			isa = XCBuildConfiguration;
			buildSettings = {
				ALWAYS_SEARCH_USER_PATHS = NO;
				CLANG_ANALYZER_NONNULL = YES;
				CLANG_ANALYZER_NUMBER_OBJECT_CONVERSION = YES_AGGRESSIVE;
				CLANG_CXX_LANGUAGE_STANDARD = "gnu++14";
				CLANG_CXX_LIBRARY = "libc++";
				CLANG_ENABLE_MODULES = YES;
				CLANG_ENABLE_OBJC_ARC = YES;
				CLANG_ENABLE_OBJC_WEAK = YES;
				CLANG_WARN_BLOCK_CAPTURE_AUTORELEASING = YES;
				CLANG_WARN_BOOL_CONVERSION = YES;
				CLANG_WARN_COMMA = YES;
				CLANG_WARN_CONSTANT_CONVERSION = YES;
				CLANG_WARN_DEPRECATED_OBJC_IMPLEMENTATIONS = YES;
				CLANG_WARN_DIRECT_OBJC_ISA_USAGE = YES_ERROR;
				CLANG_WARN_DOCUMENTATION_COMMENTS = YES;
				CLANG_WARN_EMPTY_BODY = YES;
				CLANG_WARN_ENUM_CONVERSION = YES;
				CLANG_WARN_INFINITE_RECURSION = YES;
				CLANG_WARN_INT_CONVERSION = YES;
				CLANG_WARN_NON_LITERAL_NULL_CONVERSION = YES;
				CLANG_WARN_OBJC_IMPLICIT_RETAIN_SELF = YES;
				CLANG_WARN_OBJC_LITERAL_CONVERSION = YES;
				CLANG_WARN_OBJC_ROOT_CLASS = YES_ERROR;
				CLANG_WARN_RANGE_LOOP_ANALYSIS = YES;
				CLANG_WARN_STRICT_PROTOTYPES = YES;
				CLANG_WARN_SUSPICIOUS_MOVE = YES;
				CLANG_WARN_UNGUARDED_AVAILABILITY = YES_AGGRESSIVE;
				CLANG_WARN_UNREACHABLE_CODE = YES;
				CLANG_WARN__DUPLICATE_METHOD_MATCH = YES;
				COPY_PHASE_STRIP = NO;
				DEBUG_INFORMATION_FORMAT = dwarf;
				ENABLE_STRICT_OBJC_MSGSEND = YES;
				ENABLE_TESTABILITY = YES;
				GCC_C_LANGUAGE_STANDARD = gnu11;
				GCC_DYNAMIC_NO_PIC = NO;
				GCC_NO_COMMON_BLOCKS = YES;
				GCC_OPTIMIZATION_LEVEL = 0;
				GCC_PREPROCESSOR_DEFINITIONS = (
					"DEBUG=1",
					"$(inherited)",
				);
				GCC_WARN_64_TO_32_BIT_CONVERSION = YES;
				GCC_WARN_ABOUT_RETURN_TYPE = YES_ERROR;
				GCC_WARN_UNDECLARED_SELECTOR = YES;
				GCC_WARN_UNINITIALIZED_AUTOS = YES_AGGRESSIVE;
				GCC_WARN_UNUSED_FUNCTION = YES;
				GCC_WARN_UNUSED_VARIABLE = YES;
				IPHONEOS_DEPLOYMENT_TARGET = 13.2;
				MTL_ENABLE_DEBUG_INFO = INCLUDE_SOURCE;
				MTL_FAST_MATH = YES;
				ONLY_ACTIVE_ARCH = YES;
				SDKROOT = iphoneos;
				SWIFT_ACTIVE_COMPILATION_CONDITIONS = DEBUG;
				SWIFT_OPTIMIZATION_LEVEL = "-Onone";
			};
			name = Debug;
		};
		BFBEC6A4249DA18700A0444E /* Release */ = {
			isa = XCBuildConfiguration;
			buildSettings = {
				ALWAYS_SEARCH_USER_PATHS = NO;
				CLANG_ANALYZER_NONNULL = YES;
				CLANG_ANALYZER_NUMBER_OBJECT_CONVERSION = YES_AGGRESSIVE;
				CLANG_CXX_LANGUAGE_STANDARD = "gnu++14";
				CLANG_CXX_LIBRARY = "libc++";
				CLANG_ENABLE_MODULES = YES;
				CLANG_ENABLE_OBJC_ARC = YES;
				CLANG_ENABLE_OBJC_WEAK = YES;
				CLANG_WARN_BLOCK_CAPTURE_AUTORELEASING = YES;
				CLANG_WARN_BOOL_CONVERSION = YES;
				CLANG_WARN_COMMA = YES;
				CLANG_WARN_CONSTANT_CONVERSION = YES;
				CLANG_WARN_DEPRECATED_OBJC_IMPLEMENTATIONS = YES;
				CLANG_WARN_DIRECT_OBJC_ISA_USAGE = YES_ERROR;
				CLANG_WARN_DOCUMENTATION_COMMENTS = YES;
				CLANG_WARN_EMPTY_BODY = YES;
				CLANG_WARN_ENUM_CONVERSION = YES;
				CLANG_WARN_INFINITE_RECURSION = YES;
				CLANG_WARN_INT_CONVERSION = YES;
				CLANG_WARN_NON_LITERAL_NULL_CONVERSION = YES;
				CLANG_WARN_OBJC_IMPLICIT_RETAIN_SELF = YES;
				CLANG_WARN_OBJC_LITERAL_CONVERSION = YES;
				CLANG_WARN_OBJC_ROOT_CLASS = YES_ERROR;
				CLANG_WARN_RANGE_LOOP_ANALYSIS = YES;
				CLANG_WARN_STRICT_PROTOTYPES = YES;
				CLANG_WARN_SUSPICIOUS_MOVE = YES;
				CLANG_WARN_UNGUARDED_AVAILABILITY = YES_AGGRESSIVE;
				CLANG_WARN_UNREACHABLE_CODE = YES;
				CLANG_WARN__DUPLICATE_METHOD_MATCH = YES;
				COPY_PHASE_STRIP = NO;
				DEBUG_INFORMATION_FORMAT = "dwarf-with-dsym";
				ENABLE_NS_ASSERTIONS = NO;
				ENABLE_STRICT_OBJC_MSGSEND = YES;
				GCC_C_LANGUAGE_STANDARD = gnu11;
				GCC_NO_COMMON_BLOCKS = YES;
				GCC_WARN_64_TO_32_BIT_CONVERSION = YES;
				GCC_WARN_ABOUT_RETURN_TYPE = YES_ERROR;
				GCC_WARN_UNDECLARED_SELECTOR = YES;
				GCC_WARN_UNINITIALIZED_AUTOS = YES_AGGRESSIVE;
				GCC_WARN_UNUSED_FUNCTION = YES;
				GCC_WARN_UNUSED_VARIABLE = YES;
				IPHONEOS_DEPLOYMENT_TARGET = 13.2;
				MTL_ENABLE_DEBUG_INFO = NO;
				MTL_FAST_MATH = YES;
				SDKROOT = iphoneos;
				SWIFT_COMPILATION_MODE = wholemodule;
				SWIFT_OPTIMIZATION_LEVEL = "-O";
				VALIDATE_PRODUCT = YES;
			};
			name = Release;
		};
		BFBEC6A6249DA18700A0444E /* Debug */ = {
			isa = XCBuildConfiguration;
			buildSettings = {
				ASSETCATALOG_COMPILER_APPICON_NAME = AppIcon;
				CODE_SIGN_STYLE = Automatic;
				DEVELOPMENT_ASSET_PATHS = "\"Memorize/Preview Content\"";
				DEVELOPMENT_TEAM = NJ94KGFXH9;
				ENABLE_PREVIEWS = YES;
				INFOPLIST_FILE = Memorize/Info.plist;
				LD_RUNPATH_SEARCH_PATHS = (
					"$(inherited)",
					"@executable_path/Frameworks",
				);
				PRODUCT_BUNDLE_IDENTIFIER = datalab.Memorize;
				PRODUCT_NAME = "$(TARGET_NAME)";
				SWIFT_VERSION = 5.0;
				TARGETED_DEVICE_FAMILY = "1,2";
			};
			name = Debug;
		};
		BFBEC6A7249DA18700A0444E /* Release */ = {
			isa = XCBuildConfiguration;
			buildSettings = {
				ASSETCATALOG_COMPILER_APPICON_NAME = AppIcon;
				CODE_SIGN_STYLE = Automatic;
				DEVELOPMENT_ASSET_PATHS = "\"Memorize/Preview Content\"";
				DEVELOPMENT_TEAM = NJ94KGFXH9;
				ENABLE_PREVIEWS = YES;
				INFOPLIST_FILE = Memorize/Info.plist;
				LD_RUNPATH_SEARCH_PATHS = (
					"$(inherited)",
					"@executable_path/Frameworks",
				);
				PRODUCT_BUNDLE_IDENTIFIER = datalab.Memorize;
				PRODUCT_NAME = "$(TARGET_NAME)";
				SWIFT_VERSION = 5.0;
				TARGETED_DEVICE_FAMILY = "1,2";
			};
			name = Release;
		};
/* End XCBuildConfiguration section */

/* Begin XCConfigurationList section */
		BFBEC68C249DA18500A0444E /* Build configuration list for PBXProject "Memorize" */ = {
			isa = XCConfigurationList;
			buildConfigurations = (
				BFBEC6A3249DA18700A0444E /* Debug */,
				BFBEC6A4249DA18700A0444E /* Release */,
			);
			defaultConfigurationIsVisible = 0;
			defaultConfigurationName = Release;
		};
		BFBEC6A5249DA18700A0444E /* Build configuration list for PBXNativeTarget "Memorize" */ = {
			isa = XCConfigurationList;
			buildConfigurations = (
				BFBEC6A6249DA18700A0444E /* Debug */,
				BFBEC6A7249DA18700A0444E /* Release */,
			);
			defaultConfigurationIsVisible = 0;
			defaultConfigurationName = Release;
		};
/* End XCConfigurationList section */
	};
	rootObject = BFBEC689249DA18500A0444E /* Project object */;
}
